
Microsoft Visual Studio Solution File, Format Version 12.00
# Visual Studio Version 17
VisualStudioVersion = 17.7.34024.191
MinimumVisualStudioVersion = 10.0.40219.1
Project("{FAE04EC0-301F-11D3-BF4B-00C04F79EFBC}") = "Login backend", "Login backend\Login backend.csproj", "{8F571EEC-78E5-4785-AE4C-6071C9F6C343}"
EndProject
Global
	GlobalSection(SolutionConfigurationPlatforms) = preSolution
		Debug|Any CPU = Debug|Any CPU
		Release|Any CPU = Release|Any CPU
	EndGlobalSection
	GlobalSection(ProjectConfigurationPlatforms) = postSolution
		{8F571EEC-78E5-4785-AE4C-6071C9F6C343}.Debug|Any CPU.ActiveCfg = Debug|Any CPU
		{8F571EEC-78E5-4785-AE4C-6071C9F6C343}.Debug|Any CPU.Build.0 = Debug|Any CPU
		{8F571EEC-78E5-4785-AE4C-6071C9F6C343}.Release|Any CPU.ActiveCfg = Release|Any CPU
		{8F571EEC-78E5-4785-AE4C-6071C9F6C343}.Release|Any CPU.Build.0 = Release|Any CPU
	EndGlobalSection
	GlobalSection(SolutionProperties) = preSolution
		HideSolutionNode = FALSE
	EndGlobalSection
	GlobalSection(ExtensibilityGlobals) = postSolution
		SolutionGuid = {23BD7AC2-A555-4B65-B55B-245328A4BBB0}
	EndGlobalSection
EndGlobal
